# THIS IS AN AUTOGENERATED FILE. DO NOT EDIT THIS FILE DIRECTLY.
# yarn lockfile v1


"@types/mdast@^3.0.0":
  version "3.0.10"
  resolved "https://registry.yarnpkg.com/@types/mdast/-/mdast-3.0.10.tgz#4724244a82a4598884cbbe9bcfd73dff927ee8af"
  integrity sha512-W864tg/Osz1+9f4lrGTZpCSO5/z4608eUp19tbozkq2HJK6i3z1kT0H9tlADXuYIb1YYOBByU4Jsqkk75q48qA==
  dependencies:
    "@types/unist" "*"

"@types/unist@*", "@types/unist@^2.0.0":
  version "2.0.6"
  resolved "https://registry.yarnpkg.com/@types/unist/-/unist-2.0.6.tgz#250a7b16c3b91f672a24552ec64678eeb1d3a08d"
  integrity sha512-PBjIUxZHOuj0R15/xuwJYjFi+KZdNFrehocChv4g5hu6aFroHue8m0lBP0POdK2nKzbw0cgV1mws8+V/JAcEkQ==

github-slugger@^2.0.0:
  version "2.0.0"
  resolved "https://registry.yarnpkg.com/github-slugger/-/github-slugger-2.0.0.tgz#52cf2f9279a21eb6c59dd385b410f0c0adda8f1a"
  integrity sha512-IaOQ9puYtjrkq7Y0Ygl9KDZnrf/aiUJYUpVf89y8kyaxbRG7Y1SrX/jaumrv81vc61+kiMempujsM3Yw7w5qcw==

mdast-util-to-string@^3.1.1:
  version "3.1.1"
  resolved "https://registry.yarnpkg.com/mdast-util-to-string/-/mdast-util-to-string-3.1.1.tgz#db859050d79d48cf9896d294de06f3ede7474d16"
  integrity sha512-tGvhT94e+cVnQt8JWE9/b3cUQZWS732TJxXHktvP+BYo62PpYD53Ls/6cC60rW21dW+txxiM4zMdc6abASvZKA==
  dependencies:
    "@types/mdast" "^3.0.0"

unist-util-is@^5.0.0:
  version "5.2.0"
  resolved "https://registry.yarnpkg.com/unist-util-is/-/unist-util-is-5.2.0.tgz#37eed0617b76c114fd34d44c201aa96fd928b309"
  integrity sha512-Glt17jWwZeyqrFqOK0pF1Ded5U3yzJnFr8CG1GMjCWTp9zDo2p+cmD6pWbZU8AgM5WU3IzRv6+rBwhzsGh6hBQ==

unist-util-visit-parents@^5.1.1:
  version "5.1.3"
  resolved "https://registry.yarnpkg.com/unist-util-visit-parents/-/unist-util-visit-parents-5.1.3.tgz#b4520811b0ca34285633785045df7a8d6776cfeb"
  integrity sha512-x6+y8g7wWMyQhL1iZfhIPhDAs7Xwbn9nRosDXl7qoPTSCy0yNxnKc+hWokFifWQIDGi154rdUqKvbCa4+1kLhg==
  dependencies:
    "@types/unist" "^2.0.0"
    unist-util-is "^5.0.0"

unist-util-visit@^4.1.2:
  version "4.1.2"
  resolved "https://registry.yarnpkg.com/unist-util-visit/-/unist-util-visit-4.1.2.tgz#125a42d1eb876283715a3cb5cceaa531828c72e2"
  integrity sha512-MSd8OUGISqHdVvfY9TPhyK2VdUrPgxkUtWSuMHF6XAAFuL4LokseigBnZtPnJMu+FbynTkFNnFlyjxpVKujMRg==
  dependencies:
    "@types/unist" "^2.0.0"
    unist-util-is "^5.0.0"
    unist-util-visit-parents "^5.1.1"
